
Microsoft Visual Studio Solution File, Format Version 12.00
# Visual Studio 15
VisualStudioVersion = 15.0.26014.0
MinimumVisualStudioVersion = 10.0.40219.1
Project("{8BC9CEB8-8B4A-11D0-8D11-00A0C91BC942}") = "generic-programming1", "generic-programming1\generic-programming1.vcxproj", "{74867069-C2AC-4B06-BD24-29B4E75999AF}"
EndProject
Project("{8BC9CEB8-8B4A-11D0-8D11-00A0C91BC942}") = "sec3", "sec3\sec3.vcxproj", "{594BAF0C-8784-49BB-AD0E-9002F37DD839}"
EndProject
Project("{8BC9CEB8-8B4A-11D0-8D11-00A0C91BC942}") = "sec4", "sec4\sec4.vcxproj", "{EF108585-6599-46AF-B0E2-D1D000487B27}"
EndProject
Project("{8BC9CEB8-8B4A-11D0-8D11-00A0C91BC942}") = "sec7", "sec7\sec7.vcxproj", "{44B51507-816E-4582-B9EF-59608D643EA8}"
EndProject
Global
	GlobalSection(SolutionConfigurationPlatforms) = preSolution
		Debug|x64 = Debug|x64
		Debug|x86 = Debug|x86
		Release|x64 = Release|x64
		Release|x86 = Release|x86
	EndGlobalSection
	GlobalSection(ProjectConfigurationPlatforms) = postSolution
		{74867069-C2AC-4B06-BD24-29B4E75999AF}.Debug|x64.ActiveCfg = Debug|x64
		{74867069-C2AC-4B06-BD24-29B4E75999AF}.Debug|x64.Build.0 = Debug|x64
		{74867069-C2AC-4B06-BD24-29B4E75999AF}.Debug|x86.ActiveCfg = Debug|Win32
		{74867069-C2AC-4B06-BD24-29B4E75999AF}.Debug|x86.Build.0 = Debug|Win32
		{74867069-C2AC-4B06-BD24-29B4E75999AF}.Release|x64.ActiveCfg = Release|x64
		{74867069-C2AC-4B06-BD24-29B4E75999AF}.Release|x64.Build.0 = Release|x64
		{74867069-C2AC-4B06-BD24-29B4E75999AF}.Release|x86.ActiveCfg = Release|Win32
		{74867069-C2AC-4B06-BD24-29B4E75999AF}.Release|x86.Build.0 = Release|Win32
		{594BAF0C-8784-49BB-AD0E-9002F37DD839}.Debug|x64.ActiveCfg = Debug|x64
		{594BAF0C-8784-49BB-AD0E-9002F37DD839}.Debug|x64.Build.0 = Debug|x64
		{594BAF0C-8784-49BB-AD0E-9002F37DD839}.Debug|x86.ActiveCfg = Debug|Win32
		{594BAF0C-8784-49BB-AD0E-9002F37DD839}.Debug|x86.Build.0 = Debug|Win32
		{594BAF0C-8784-49BB-AD0E-9002F37DD839}.Release|x64.ActiveCfg = Release|x64
		{594BAF0C-8784-49BB-AD0E-9002F37DD839}.Release|x64.Build.0 = Release|x64
		{594BAF0C-8784-49BB-AD0E-9002F37DD839}.Release|x86.ActiveCfg = Release|Win32
		{594BAF0C-8784-49BB-AD0E-9002F37DD839}.Release|x86.Build.0 = Release|Win32
		{EF108585-6599-46AF-B0E2-D1D000487B27}.Debug|x64.ActiveCfg = Debug|x64
		{EF108585-6599-46AF-B0E2-D1D000487B27}.Debug|x64.Build.0 = Debug|x64
		{EF108585-6599-46AF-B0E2-D1D000487B27}.Debug|x86.ActiveCfg = Debug|Win32
		{EF108585-6599-46AF-B0E2-D1D000487B27}.Debug|x86.Build.0 = Debug|Win32
		{EF108585-6599-46AF-B0E2-D1D000487B27}.Release|x64.ActiveCfg = Release|x64
		{EF108585-6599-46AF-B0E2-D1D000487B27}.Release|x64.Build.0 = Release|x64
		{EF108585-6599-46AF-B0E2-D1D000487B27}.Release|x86.ActiveCfg = Release|Win32
		{EF108585-6599-46AF-B0E2-D1D000487B27}.Release|x86.Build.0 = Release|Win32
		{44B51507-816E-4582-B9EF-59608D643EA8}.Debug|x64.ActiveCfg = Debug|x64
		{44B51507-816E-4582-B9EF-59608D643EA8}.Debug|x64.Build.0 = Debug|x64
		{44B51507-816E-4582-B9EF-59608D643EA8}.Debug|x86.ActiveCfg = Debug|Win32
		{44B51507-816E-4582-B9EF-59608D643EA8}.Debug|x86.Build.0 = Debug|Win32
		{44B51507-816E-4582-B9EF-59608D643EA8}.Release|x64.ActiveCfg = Release|x64
		{44B51507-816E-4582-B9EF-59608D643EA8}.Release|x64.Build.0 = Release|x64
		{44B51507-816E-4582-B9EF-59608D643EA8}.Release|x86.ActiveCfg = Release|Win32
		{44B51507-816E-4582-B9EF-59608D643EA8}.Release|x86.Build.0 = Release|Win32
	EndGlobalSection
	GlobalSection(SolutionProperties) = preSolution
		HideSolutionNode = FALSE
	EndGlobalSection
EndGlobal
